
Microsoft Visual Studio Solution File, Format Version 12.00
# Visual Studio Version 16
VisualStudioVersion = 16.0.31129.286
MinimumVisualStudioVersion = 10.0.40219.1
Project("{FAE04EC0-301F-11D3-BF4B-00C04F79EFBC}") = "CuoiKi_QuanLyQuanAnNhanh", "CuoiKi_QuanLyQuanAnNhanh\CuoiKi_QuanLyQuanAnNhanh.csproj", "{2D6A16CC-B2FD-49F9-A11B-71B03D4246BA}"
EndProject
Global
	GlobalSection(SolutionConfigurationPlatforms) = preSolution
		Debug|Any CPU = Debug|Any CPU
		Release|Any CPU = Release|Any CPU
	EndGlobalSection
	GlobalSection(ProjectConfigurationPlatforms) = postSolution
		{2D6A16CC-B2FD-49F9-A11B-71B03D4246BA}.Debug|Any CPU.ActiveCfg = Debug|Any CPU
		{2D6A16CC-B2FD-49F9-A11B-71B03D4246BA}.Debug|Any CPU.Build.0 = Debug|Any CPU
		{2D6A16CC-B2FD-49F9-A11B-71B03D4246BA}.Release|Any CPU.ActiveCfg = Release|Any CPU
		{2D6A16CC-B2FD-49F9-A11B-71B03D4246BA}.Release|Any CPU.Build.0 = Release|Any CPU
	EndGlobalSection
	GlobalSection(SolutionProperties) = preSolution
		HideSolutionNode = FALSE
	EndGlobalSection
	GlobalSection(ExtensibilityGlobals) = postSolution
		SolutionGuid = {0B6FEB1B-1EE5-455A-8684-CF517BC71323}
	EndGlobalSection
EndGlobal
